
Microsoft Visual Studio Solution File, Format Version 12.00
# Visual Studio Version 16
VisualStudioVersion = 16.0.29806.167
MinimumVisualStudioVersion = 10.0.40219.1
Project("{FAE04EC0-301F-11D3-BF4B-00C04F79EFBC}") = "ResourcesDisplay", "ResourcesDisplay\ResourcesDisplay.csproj", "{A55BE758-407B-4F00-B2B0-3E34289483FE}"
EndProject
Project("{FAE04EC0-301F-11D3-BF4B-00C04F79EFBC}") = "MaterialDisplay", "MaterialDisplay\MaterialDisplay.csproj", "{E295A9BD-1790-4A67-BEEC-ED30A628B63C}"
EndProject
Project("{FAE04EC0-301F-11D3-BF4B-00C04F79EFBC}") = "DrillPuter", "DrillPuter\DrillPuter.csproj", "{549BEC5F-96D0-4B4F-9A9E-6377D9A07AA4}"
EndProject
Project("{FAE04EC0-301F-11D3-BF4B-00C04F79EFBC}") = "SolarPuter", "SolarPuter\SolarPuter.csproj", "{E9A3DBA0-D0D0-4B9B-80D0-1E645218CF8C}"
EndProject
Project("{FAE04EC0-301F-11D3-BF4B-00C04F79EFBC}") = "ProdPuter", "ProdPuter\ProdPuter.csproj", "{BEB2EB78-FB34-455B-B1FA-02E938EB4956}"
EndProject
Global
	GlobalSection(SolutionConfigurationPlatforms) = preSolution
		Debug|x64 = Debug|x64
	EndGlobalSection
	GlobalSection(ProjectConfigurationPlatforms) = postSolution
		{A55BE758-407B-4F00-B2B0-3E34289483FE}.Debug|x64.ActiveCfg = Debug|x64
		{A55BE758-407B-4F00-B2B0-3E34289483FE}.Debug|x64.Build.0 = Debug|x64
		{E295A9BD-1790-4A67-BEEC-ED30A628B63C}.Debug|x64.ActiveCfg = Debug|x64
		{E295A9BD-1790-4A67-BEEC-ED30A628B63C}.Debug|x64.Build.0 = Debug|x64
		{549BEC5F-96D0-4B4F-9A9E-6377D9A07AA4}.Debug|x64.ActiveCfg = Debug|x64
		{549BEC5F-96D0-4B4F-9A9E-6377D9A07AA4}.Debug|x64.Build.0 = Debug|x64
		{E9A3DBA0-D0D0-4B9B-80D0-1E645218CF8C}.Debug|x64.ActiveCfg = Debug|x64
		{E9A3DBA0-D0D0-4B9B-80D0-1E645218CF8C}.Debug|x64.Build.0 = Debug|x64
		{BEB2EB78-FB34-455B-B1FA-02E938EB4956}.Debug|x64.ActiveCfg = Debug|x64
		{BEB2EB78-FB34-455B-B1FA-02E938EB4956}.Debug|x64.Build.0 = Debug|x64
	EndGlobalSection
	GlobalSection(SolutionProperties) = preSolution
		HideSolutionNode = FALSE
	EndGlobalSection
	GlobalSection(ExtensibilityGlobals) = postSolution
		SolutionGuid = {34CE1B44-2A81-412D-B710-F60244918E1F}
	EndGlobalSection
EndGlobal
